
Microsoft Visual Studio Solution File, Format Version 12.00
# Visual Studio Version 17
VisualStudioVersion = 17.4.33213.308
MinimumVisualStudioVersion = 10.0.40219.1
Project("{FAE04EC0-301F-11D3-BF4B-00C04F79EFBC}") = "Test_for_Gabrovec", "Test_for_Gabrovec\Test_for_Gabrovec.csproj", "{8B875ACF-B2BF-49AB-9FA0-1D84AA6A1DEA}"
EndProject
Global
	GlobalSection(SolutionConfigurationPlatforms) = preSolution
		Debug|Any CPU = Debug|Any CPU
		Release|Any CPU = Release|Any CPU
	EndGlobalSection
	GlobalSection(ProjectConfigurationPlatforms) = postSolution
		{8B875ACF-B2BF-49AB-9FA0-1D84AA6A1DEA}.Debug|Any CPU.ActiveCfg = Debug|Any CPU
		{8B875ACF-B2BF-49AB-9FA0-1D84AA6A1DEA}.Debug|Any CPU.Build.0 = Debug|Any CPU
		{8B875ACF-B2BF-49AB-9FA0-1D84AA6A1DEA}.Release|Any CPU.ActiveCfg = Release|Any CPU
		{8B875ACF-B2BF-49AB-9FA0-1D84AA6A1DEA}.Release|Any CPU.Build.0 = Release|Any CPU
	EndGlobalSection
	GlobalSection(SolutionProperties) = preSolution
		HideSolutionNode = FALSE
	EndGlobalSection
	GlobalSection(ExtensibilityGlobals) = postSolution
		SolutionGuid = {E8E00BFC-6894-4754-B683-B36245A4092A}
	EndGlobalSection
EndGlobal
